{
  "originHash" : "2b5f2bd0ac46c89c88757635feb749649114c8ac5a75980e41c2dbae5c8e359c",
  "pins" : [
    {
      "identity" : "bindjs-apple-binary",
      "kind" : "remoteSourceControl",
      "location" : "https://github.com/metabindai/bindjs-apple-binary.git",
      "state" : {
        "revision" : "75f24e669816f072cc0b89987f06d55a2ba12333",
        "version" : "1.1.5"
      }
    },
    {
      "identity" : "gltfkit2",
      "kind" : "remoteSourceControl",
      "location" : "https://github.com/warrenm/GLTFKit2",
      "state" : {
        "revision" : "c4509232470777e51ecffa626597ff9b4da170f5",
        "version" : "0.5.14"
      }
    },
    {
      "identity" : "metabind-ai-apple",
      "kind" : "remoteSourceControl",
      "location" : "https://github.com/metabindai/metabind-ai-apple.git",
      "state" : {
        "revision" : "6bf230b97c4582ab68d903e8c48a0e4fad3f322a",
        "version" : "0.1.2"
      }
    }
  ],
  "version" : 3
}
