// !$*UTF8*$!
{
	archiveVersion = 1;
	classes = {
	};
	objectVersion = 77;
	objects = {

/* Begin PBXBuildFile section */
		AEA8284AB352043E2881A5C9 /* MetabindAssistantDemoApp.swift in Sources */ = {isa = PBXBuildFile; fileRef = D0C00CC36A1D25401D6A93F2 /* MetabindAssistantDemoApp.swift */; };
		DA516EF68788681C1C54618E /* ContentView.swift in Sources */ = {isa = PBXBuildFile; fileRef = 600361C09329BC7AFD57DC63 /* ContentView.swift */; };
		F218E1A82FB06FFF501ACD40 /* MetabindAssistant in Frameworks */ = {isa = PBXBuildFile; productRef = 4F5B19C68739E268623414ED /* MetabindAssistant */; };
/* End PBXBuildFile section */

/* Begin PBXFileReference section */
		600361C09329BC7AFD57DC63 /* ContentView.swift */ = {isa = PBXFileReference; lastKnownFileType = sourcecode.swift; path = ContentView.swift; sourceTree = "<group>"; };
		9D867DCE8A4D2F008DDCE67C /* MetabindAssistantDemo.app */ = {isa = PBXFileReference; includeInIndex = 0; lastKnownFileType = wrapper.application; path = MetabindAssistantDemo.app; sourceTree = BUILT_PRODUCTS_DIR; };
		D0C00CC36A1D25401D6A93F2 /* MetabindAssistantDemoApp.swift */ = {isa = PBXFileReference; lastKnownFileType = sourcecode.swift; path = MetabindAssistantDemoApp.swift; sourceTree = "<group>"; };
		FDFBAFA672E45308608F2B8B /* metabind-ai-apple */ = {isa = PBXFileReference; lastKnownFileType = folder; name = "metabind-ai-apple"; path = "../metabind-ai-apple"; sourceTree = SOURCE_ROOT; };
/* End PBXFileReference section */

/* Begin PBXFrameworksBuildPhase section */
		9A84F9E45C71E1E545D3A756 /* Frameworks */ = {
			isa = PBXFrameworksBuildPhase;
			buildActionMask = 2147483647;
			files = (
				F218E1A82FB06FFF501ACD40 /* MetabindAssistant in Frameworks */,
			);
			runOnlyForDeploymentPostprocessing = 0;
		};
/* End PBXFrameworksBuildPhase section */

/* Begin PBXGroup section */
		353AFAAF012E7409E16FAEC0 /* Packages */ = {
			isa = PBXGroup;
			children = (
				FDFBAFA672E45308608F2B8B /* metabind-ai-apple */,
			);
			name = Packages;
			sourceTree = "<group>";
		};
		7869A26540CFA8CB8059AD20 /* MetabindAssistantDemo */ = {
			isa = PBXGroup;
			children = (
				600361C09329BC7AFD57DC63 /* ContentView.swift */,
				D0C00CC36A1D25401D6A93F2 /* MetabindAssistantDemoApp.swift */,
			);
			path = MetabindAssistantDemo;
			sourceTree = "<group>";
		};
		89623F5D56BDA9ECBD9C02C5 /* Sources */ = {
			isa = PBXGroup;
			children = (
				7869A26540CFA8CB8059AD20 /* MetabindAssistantDemo */,
			);
			path = Sources;
			sourceTree = "<group>";
		};
		D1536885FE7953691B602A42 = {
			isa = PBXGroup;
			children = (
				353AFAAF012E7409E16FAEC0 /* Packages */,
				89623F5D56BDA9ECBD9C02C5 /* Sources */,
				E4DB74D4AF61D8DA585F7450 /* Products */,
			);
			sourceTree = "<group>";
		};
		E4DB74D4AF61D8DA585F7450 /* Products */ = {
			isa = PBXGroup;
			children = (
				9D867DCE8A4D2F008DDCE67C /* MetabindAssistantDemo.app */,
			);
			name = Products;
			sourceTree = "<group>";
		};
/* End PBXGroup section */

/* Begin PBXNativeTarget section */
		25A28188DF755820344C0898 /* MetabindAssistantDemo */ = {
			isa = PBXNativeTarget;
			buildConfigurationList = C9F1EACC8D41CBF973BA8D3E /* Build configuration list for PBXNativeTarget "MetabindAssistantDemo" */;
			buildPhases = (
				0C12F701F99CE1E260FF69D7 /* Sources */,
				9A84F9E45C71E1E545D3A756 /* Frameworks */,
			);
			buildRules = (
			);
			dependencies = (
			);
			name = MetabindAssistantDemo;
			packageProductDependencies = (
				4F5B19C68739E268623414ED /* MetabindAssistant */,
			);
			productName = MetabindAssistantDemo;
			productReference = 9D867DCE8A4D2F008DDCE67C /* MetabindAssistantDemo.app */;
			productType = "com.apple.product-type.application";
		};
/* End PBXNativeTarget section */

/* Begin PBXProject section */
		DAFC9C3C0AE6EBCB7BC0BE90 /* Project object */ = {
			isa = PBXProject;
			attributes = {
				BuildIndependentTargetsInParallel = YES;
				LastUpgradeCheck = 1600;
				TargetAttributes = {
				};
			};
			buildConfigurationList = F4181E5A2A4FFC97BDF48F8E /* Build configuration list for PBXProject "MetabindAssistantDemo" */;
			developmentRegion = en;
			hasScannedForEncodings = 0;
			knownRegions = (
				Base,
				en,
			);
			mainGroup = D1536885FE7953691B602A42;
			minimizedProjectReferenceProxies = 1;
			packageReferences = (
				F5F2566A80784A90059DBAAF /* XCLocalSwiftPackageReference "../metabind-ai-apple" */,
			);
			preferredProjectObjectVersion = 77;
			productRefGroup = E4DB74D4AF61D8DA585F7450 /* Products */;
			projectDirPath = "";
			projectRoot = "";
			targets = (
				25A28188DF755820344C0898 /* MetabindAssistantDemo */,
			);
		};
/* End PBXProject section */

/* Begin PBXSourcesBuildPhase section */
		0C12F701F99CE1E260FF69D7 /* Sources */ = {
			isa = PBXSourcesBuildPhase;
			buildActionMask = 2147483647;
			files = (
				DA516EF68788681C1C54618E /* ContentView.swift in Sources */,
				AEA8284AB352043E2881A5C9 /* MetabindAssistantDemoApp.swift in Sources */,
			);
			runOnlyForDeploymentPostprocessing = 0;
		};
/* End PBXSourcesBuildPhase section */

/* Begin XCBuildConfiguration section */
		5345486CCB615F8A59B4B66C /* Debug */ = {
			isa = XCBuildConfiguration;
			buildSettings = {
				ASSETCATALOG_COMPILER_APPICON_NAME = AppIcon;
				CODE_SIGN_ENTITLEMENTS = MetabindAssistantDemo.entitlements;
				CODE_SIGN_IDENTITY = "iPhone Developer";
				CURRENT_PROJECT_VERSION = 1;
				DERIVE_MACCATALYST_PRODUCT_BUNDLE_IDENTIFIER = NO;
				GENERATE_INFOPLIST_FILE = YES;
				INFOPLIST_KEY_CFBundleDisplayName = "Metabind Assistant Demo";
				INFOPLIST_KEY_LSApplicationCategoryType = "public.app-category.developer-tools";
				INFOPLIST_KEY_NSHumanReadableCopyright = "© 2026 YAP Studios";
				IPHONEOS_DEPLOYMENT_TARGET = 17.0;
				LD_RUNPATH_SEARCH_PATHS = (
					"$(inherited)",
					"@executable_path/Frameworks",
				);
				MARKETING_VERSION = 1.0;
				PRODUCT_BUNDLE_IDENTIFIER = com.example.MetabindAssistantDemo;
				PRODUCT_NAME = MetabindAssistantDemo;
				SDKROOT = iphoneos;
				SUPPORTS_MACCATALYST = YES;
				SUPPORTS_MAC_DESIGNED_FOR_IPHONE_IPAD = NO;
				SWIFT_VERSION = 5.11;
				TARGETED_DEVICE_FAMILY = "2,6";
			};
			name = Debug;
		};
		74FBCD5AECDB2985D1CA4BB4 /* Debug */ = {
			isa = XCBuildConfiguration;
			buildSettings = {
				ALWAYS_SEARCH_USER_PATHS = NO;
				CLANG_ANALYZER_NONNULL = YES;
				CLANG_ANALYZER_NUMBER_OBJECT_CONVERSION = YES_AGGRESSIVE;
				CLANG_CXX_LANGUAGE_STANDARD = "gnu++14";
				CLANG_CXX_LIBRARY = "libc++";
				CLANG_ENABLE_MODULES = YES;
				CLANG_ENABLE_OBJC_ARC = YES;
				CLANG_ENABLE_OBJC_WEAK = YES;
				CLANG_WARN_BLOCK_CAPTURE_AUTORELEASING = YES;
				CLANG_WARN_BOOL_CONVERSION = YES;
				CLANG_WARN_COMMA = YES;
				CLANG_WARN_CONSTANT_CONVERSION = YES;
				CLANG_WARN_DEPRECATED_OBJC_IMPLEMENTATIONS = YES;
				CLANG_WARN_DIRECT_OBJC_ISA_USAGE = YES_ERROR;
				CLANG_WARN_DOCUMENTATION_COMMENTS = YES;
				CLANG_WARN_EMPTY_BODY = YES;
				CLANG_WARN_ENUM_CONVERSION = YES;
				CLANG_WARN_INFINITE_RECURSION = YES;
				CLANG_WARN_INT_CONVERSION = YES;
				CLANG_WARN_NON_LITERAL_NULL_CONVERSION = YES;
				CLANG_WARN_OBJC_IMPLICIT_RETAIN_SELF = YES;
				CLANG_WARN_OBJC_LITERAL_CONVERSION = YES;
				CLANG_WARN_OBJC_ROOT_CLASS = YES_ERROR;
				CLANG_WARN_QUOTED_INCLUDE_IN_FRAMEWORK_HEADER = YES;
				CLANG_WARN_RANGE_LOOP_ANALYSIS = YES;
				CLANG_WARN_STRICT_PROTOTYPES = YES;
				CLANG_WARN_SUSPICIOUS_MOVE = YES;
				CLANG_WARN_UNGUARDED_AVAILABILITY = YES_AGGRESSIVE;
				CLANG_WARN_UNREACHABLE_CODE = YES;
				CLANG_WARN__DUPLICATE_METHOD_MATCH = YES;
				COPY_PHASE_STRIP = NO;
				DEBUG_INFORMATION_FORMAT = dwarf;
				ENABLE_STRICT_OBJC_MSGSEND = YES;
				ENABLE_TESTABILITY = YES;
				GCC_C_LANGUAGE_STANDARD = gnu11;
				GCC_DYNAMIC_NO_PIC = NO;
				GCC_NO_COMMON_BLOCKS = YES;
				GCC_OPTIMIZATION_LEVEL = 0;
				GCC_PREPROCESSOR_DEFINITIONS = (
					"$(inherited)",
					"DEBUG=1",
				);
				GCC_WARN_64_TO_32_BIT_CONVERSION = YES;
				GCC_WARN_ABOUT_RETURN_TYPE = YES_ERROR;
				GCC_WARN_UNDECLARED_SELECTOR = YES;
				GCC_WARN_UNINITIALIZED_AUTOS = YES_AGGRESSIVE;
				GCC_WARN_UNUSED_FUNCTION = YES;
				GCC_WARN_UNUSED_VARIABLE = YES;
				IPHONEOS_DEPLOYMENT_TARGET = 17.0;
				MACOSX_DEPLOYMENT_TARGET = 14.0;
				MTL_ENABLE_DEBUG_INFO = INCLUDE_SOURCE;
				MTL_FAST_MATH = YES;
				ONLY_ACTIVE_ARCH = YES;
				PRODUCT_NAME = "$(TARGET_NAME)";
				SDKROOT = iphoneos;
				SWIFT_ACTIVE_COMPILATION_CONDITIONS = DEBUG;
				SWIFT_OPTIMIZATION_LEVEL = "-Onone";
				SWIFT_VERSION = 5.0;
			};
			name = Debug;
		};
		8538CB742E7FADA3E7DC981F /* Release */ = {
			isa = XCBuildConfiguration;
			buildSettings = {
				ALWAYS_SEARCH_USER_PATHS = NO;
				CLANG_ANALYZER_NONNULL = YES;
				CLANG_ANALYZER_NUMBER_OBJECT_CONVERSION = YES_AGGRESSIVE;
				CLANG_CXX_LANGUAGE_STANDARD = "gnu++14";
				CLANG_CXX_LIBRARY = "libc++";
				CLANG_ENABLE_MODULES = YES;
				CLANG_ENABLE_OBJC_ARC = YES;
				CLANG_ENABLE_OBJC_WEAK = YES;
				CLANG_WARN_BLOCK_CAPTURE_AUTORELEASING = YES;
				CLANG_WARN_BOOL_CONVERSION = YES;
				CLANG_WARN_COMMA = YES;
				CLANG_WARN_CONSTANT_CONVERSION = YES;
				CLANG_WARN_DEPRECATED_OBJC_IMPLEMENTATIONS = YES;
				CLANG_WARN_DIRECT_OBJC_ISA_USAGE = YES_ERROR;
				CLANG_WARN_DOCUMENTATION_COMMENTS = YES;
				CLANG_WARN_EMPTY_BODY = YES;
				CLANG_WARN_ENUM_CONVERSION = YES;
				CLANG_WARN_INFINITE_RECURSION = YES;
				CLANG_WARN_INT_CONVERSION = YES;
				CLANG_WARN_NON_LITERAL_NULL_CONVERSION = YES;
				CLANG_WARN_OBJC_IMPLICIT_RETAIN_SELF = YES;
				CLANG_WARN_OBJC_LITERAL_CONVERSION = YES;
				CLANG_WARN_OBJC_ROOT_CLASS = YES_ERROR;
				CLANG_WARN_QUOTED_INCLUDE_IN_FRAMEWORK_HEADER = YES;
				CLANG_WARN_RANGE_LOOP_ANALYSIS = YES;
				CLANG_WARN_STRICT_PROTOTYPES = YES;
				CLANG_WARN_SUSPICIOUS_MOVE = YES;
				CLANG_WARN_UNGUARDED_AVAILABILITY = YES_AGGRESSIVE;
				CLANG_WARN_UNREACHABLE_CODE = YES;
				CLANG_WARN__DUPLICATE_METHOD_MATCH = YES;
				COPY_PHASE_STRIP = NO;
				DEBUG_INFORMATION_FORMAT = "dwarf-with-dsym";
				ENABLE_NS_ASSERTIONS = NO;
				ENABLE_STRICT_OBJC_MSGSEND = YES;
				GCC_C_LANGUAGE_STANDARD = gnu11;
				GCC_NO_COMMON_BLOCKS = YES;
				GCC_WARN_64_TO_32_BIT_CONVERSION = YES;
				GCC_WARN_ABOUT_RETURN_TYPE = YES_ERROR;
				GCC_WARN_UNDECLARED_SELECTOR = YES;
				GCC_WARN_UNINITIALIZED_AUTOS = YES_AGGRESSIVE;
				GCC_WARN_UNUSED_FUNCTION = YES;
				GCC_WARN_UNUSED_VARIABLE = YES;
				IPHONEOS_DEPLOYMENT_TARGET = 17.0;
				MACOSX_DEPLOYMENT_TARGET = 14.0;
				MTL_ENABLE_DEBUG_INFO = NO;
				MTL_FAST_MATH = YES;
				PRODUCT_NAME = "$(TARGET_NAME)";
				SDKROOT = iphoneos;
				SWIFT_COMPILATION_MODE = wholemodule;
				SWIFT_OPTIMIZATION_LEVEL = "-O";
				SWIFT_VERSION = 5.0;
			};
			name = Release;
		};
		B18394EFE35198F02C9A817D /* Release */ = {
			isa = XCBuildConfiguration;
			buildSettings = {
				ASSETCATALOG_COMPILER_APPICON_NAME = AppIcon;
				CODE_SIGN_ENTITLEMENTS = MetabindAssistantDemo.entitlements;
				CODE_SIGN_IDENTITY = "iPhone Developer";
				CURRENT_PROJECT_VERSION = 1;
				DERIVE_MACCATALYST_PRODUCT_BUNDLE_IDENTIFIER = NO;
				GENERATE_INFOPLIST_FILE = YES;
				INFOPLIST_KEY_CFBundleDisplayName = "Metabind Assistant Demo";
				INFOPLIST_KEY_LSApplicationCategoryType = "public.app-category.developer-tools";
				INFOPLIST_KEY_NSHumanReadableCopyright = "© 2026 YAP Studios";
				IPHONEOS_DEPLOYMENT_TARGET = 17.0;
				LD_RUNPATH_SEARCH_PATHS = (
					"$(inherited)",
					"@executable_path/Frameworks",
				);
				MARKETING_VERSION = 1.0;
				PRODUCT_BUNDLE_IDENTIFIER = com.example.MetabindAssistantDemo;
				PRODUCT_NAME = MetabindAssistantDemo;
				SDKROOT = iphoneos;
				SUPPORTS_MACCATALYST = YES;
				SUPPORTS_MAC_DESIGNED_FOR_IPHONE_IPAD = NO;
				SWIFT_VERSION = 5.11;
				TARGETED_DEVICE_FAMILY = "2,6";
			};
			name = Release;
		};
/* End XCBuildConfiguration section */

/* Begin XCConfigurationList section */
		C9F1EACC8D41CBF973BA8D3E /* Build configuration list for PBXNativeTarget "MetabindAssistantDemo" */ = {
			isa = XCConfigurationList;
			buildConfigurations = (
				5345486CCB615F8A59B4B66C /* Debug */,
				B18394EFE35198F02C9A817D /* Release */,
			);
			defaultConfigurationIsVisible = 0;
			defaultConfigurationName = Debug;
		};
		F4181E5A2A4FFC97BDF48F8E /* Build configuration list for PBXProject "MetabindAssistantDemo" */ = {
			isa = XCConfigurationList;
			buildConfigurations = (
				74FBCD5AECDB2985D1CA4BB4 /* Debug */,
				8538CB742E7FADA3E7DC981F /* Release */,
			);
			defaultConfigurationIsVisible = 0;
			defaultConfigurationName = Debug;
		};
/* End XCConfigurationList section */

/* Begin XCLocalSwiftPackageReference section */
		F5F2566A80784A90059DBAAF /* XCLocalSwiftPackageReference "../metabind-ai-apple" */ = {
			isa = XCLocalSwiftPackageReference;
			relativePath = "../metabind-ai-apple";
		};
/* End XCLocalSwiftPackageReference section */

/* Begin XCSwiftPackageProductDependency section */
		4F5B19C68739E268623414ED /* MetabindAssistant */ = {
			isa = XCSwiftPackageProductDependency;
			productName = MetabindAssistant;
		};
/* End XCSwiftPackageProductDependency section */
	};
	rootObject = DAFC9C3C0AE6EBCB7BC0BE90 /* Project object */;
}
